
Microsoft Visual Studio Solution File, Format Version 12.00
# Visual Studio 2015
Project("{FAE04EC0-301F-11D3-BF4B-00C04F79EFBC}") = "EnemyAIGame - Copy (2).Plugins", "EnemyAIGame - Copy (2).Plugins.csproj", "{84814704-9DBC-A25E-AACB-F8C51D4FBAF4}"
EndProject
Project("{FAE04EC0-301F-11D3-BF4B-00C04F79EFBC}") = "EnemyAIGame - Copy (2)", "EnemyAIGame - Copy (2).csproj", "{7BC3EE6F-6AD2-E884-177D-3147BDCA65DA}"
EndProject
Project("{FAE04EC0-301F-11D3-BF4B-00C04F79EFBC}") = "EnemyAIGame - Copy (2).Editor.Plugins", "EnemyAIGame - Copy (2).Editor.Plugins.csproj", "{FE096836-111D-AFF4-BE5E-9D9718D3844C}"
EndProject
Global
	GlobalSection(SolutionConfigurationPlatforms) = preSolution
		Debug|Any CPU = Debug|Any CPU
		Release|Any CPU = Release|Any CPU
	EndGlobalSection
	GlobalSection(ProjectConfigurationPlatforms) = postSolution
		{84814704-9DBC-A25E-AACB-F8C51D4FBAF4}.Debug|Any CPU.ActiveCfg = Debug|Any CPU
		{84814704-9DBC-A25E-AACB-F8C51D4FBAF4}.Debug|Any CPU.Build.0 = Debug|Any CPU
		{84814704-9DBC-A25E-AACB-F8C51D4FBAF4}.Release|Any CPU.ActiveCfg = Release|Any CPU
		{84814704-9DBC-A25E-AACB-F8C51D4FBAF4}.Release|Any CPU.Build.0 = Release|Any CPU
		{7BC3EE6F-6AD2-E884-177D-3147BDCA65DA}.Debug|Any CPU.ActiveCfg = Debug|Any CPU
		{7BC3EE6F-6AD2-E884-177D-3147BDCA65DA}.Debug|Any CPU.Build.0 = Debug|Any CPU
		{7BC3EE6F-6AD2-E884-177D-3147BDCA65DA}.Release|Any CPU.ActiveCfg = Release|Any CPU
		{7BC3EE6F-6AD2-E884-177D-3147BDCA65DA}.Release|Any CPU.Build.0 = Release|Any CPU
		{FE096836-111D-AFF4-BE5E-9D9718D3844C}.Debug|Any CPU.ActiveCfg = Debug|Any CPU
		{FE096836-111D-AFF4-BE5E-9D9718D3844C}.Debug|Any CPU.Build.0 = Debug|Any CPU
		{FE096836-111D-AFF4-BE5E-9D9718D3844C}.Release|Any CPU.ActiveCfg = Release|Any CPU
		{FE096836-111D-AFF4-BE5E-9D9718D3844C}.Release|Any CPU.Build.0 = Release|Any CPU
	EndGlobalSection
	GlobalSection(SolutionProperties) = preSolution
		HideSolutionNode = FALSE
	EndGlobalSection
EndGlobal
